{
  "name": "fazer-lang",
  "version": "2.2.1",
  "lockfileVersion": 3,
  "requires": true,
  "packages": {
    "": {
      "name": "fazer-lang",
      "version": "2.2.1",
      "license": "MIT",
      "dependencies": {
        "chevrotain": "^11.0.3",
        "ws": "^8.18.0"
      },
      "bin": {
        "fazer": "fazer.js"
      },
      "devDependencies": {}
    },
    "node_modules/@chevrotain/cst-dts-gen": {
      "version": "11.1.0",
      "resolved": "https://registry.npmjs.org/@chevrotain/cst-dts-gen/-/cst-dts-gen-11.1.0.tgz",
      "integrity": "sha512-Sa/G9XD23V4StfHMeQNnXbFmj8CsYUBmf+L895/hKm0RFDhxAfHzV6e58NA8j5ninntT5yqMzBW8QEbYxLkNUw==",
      "license": "Apache-2.0",
      "dependencies": {
        "@chevrotain/gast": "11.1.0",
        "@chevrotain/types": "11.1.0",
        "lodash-es": "4.17.21"
      }
    },
    "node_modules/@chevrotain/gast": {
      "version": "11.1.0",
      "resolved": "https://registry.npmjs.org/@chevrotain/gast/-/gast-11.1.0.tgz",
      "integrity": "sha512-0fyRYDFneUhbyV6k22R6bBY02+FasLqcxXYVt8z51IWTZ10l2Z2Lc0hiPTgm8MNRbYZnDbNv78b9zY5DoIJKjQ==",
      "license": "Apache-2.0",
      "dependencies": {
        "@chevrotain/types": "11.1.0",
        "lodash-es": "4.17.21"
      }
    },
    "node_modules/@chevrotain/regexp-to-ast": {
      "version": "11.1.0",
      "resolved": "https://registry.npmjs.org/@chevrotain/regexp-to-ast/-/regexp-to-ast-11.1.0.tgz",
      "integrity": "sha512-3rW046uSp36liIAc/5G6A6h3gGbDN1eONpmJQpybIb+G2kSz0BNRc9ziT4DYrCUUbgNLd6bNVROqN9r7ZaajYg==",
      "license": "Apache-2.0"
    },
    "node_modules/@chevrotain/types": {
      "version": "11.1.0",
      "resolved": "https://registry.npmjs.org/@chevrotain/types/-/types-11.1.0.tgz",
      "integrity": "sha512-GXni/dwJAkClMfwCtrbGU19RXQ9O76hFxq3sgy/zufXNj3ov6J/8FOWIXxJLhnKx7gzSweATmRccjlpmr5W2nA==",
      "license": "Apache-2.0"
    },
    "node_modules/@chevrotain/utils": {
      "version": "11.1.0",
      "resolved": "https://registry.npmjs.org/@chevrotain/utils/-/utils-11.1.0.tgz",
      "integrity": "sha512-DrS2yldzFnjmBV0O/kDngcFxWuqg2FdmUpaD6KyTmgIIE6lR53dq80R/Zz+o6LpUrXsLJk192kXuaeIPic4WVg==",
      "license": "Apache-2.0"
    },
    "node_modules/chevrotain": {
      "version": "11.1.0",
      "resolved": "https://registry.npmjs.org/chevrotain/-/chevrotain-11.1.0.tgz",
      "integrity": "sha512-BqwSf3RDQlHQ+EyWqTLDd23IwJ3clav6QyNQM4FNj0RF2/HfXESPjrApKkEstV5jbyJtUB8U4zrUFdLd2Cx1oA==",
      "license": "Apache-2.0",
      "dependencies": {
        "@chevrotain/cst-dts-gen": "11.1.0",
        "@chevrotain/gast": "11.1.0",
        "@chevrotain/regexp-to-ast": "11.1.0",
        "@chevrotain/types": "11.1.0",
        "@chevrotain/utils": "11.1.0",
        "lodash-es": "4.17.21"
      }
    },
    "node_modules/lodash-es": {
      "version": "4.17.21",
      "resolved": "https://registry.npmjs.org/lodash-es/-/lodash-es-4.17.21.tgz",
      "integrity": "sha512-mKnC+QJ9pWVzv+C4/U3rRsHapFfHvQFoFB92e52xeyGMcX6/OlIl78je1u8vePzYZSkkogMPJ2yjxxsb89cxyw==",
      "license": "MIT"
    },
    "node_modules/ws": {
      "version": "8.19.0",
      "resolved": "https://registry.npmjs.org/ws/-/ws-8.19.0.tgz",
      "integrity": "sha512-blAT2mjOEIi0ZzruJfIhb3nps74PRWTCz1IjglWEEpQl5XS/UNama6u2/rjFkDDouqr4L67ry+1aGIALViWjDg==",
      "license": "MIT",
      "engines": {
        "node": ">=10.0.0"
      },
      "peerDependencies": {
        "bufferutil": "^4.0.1",
        "utf-8-validate": ">=5.0.2"
      },
      "peerDependenciesMeta": {
        "bufferutil": {
          "optional": true
        },
        "utf-8-validate": {
          "optional": true
        }
      }
    }
  }
}
